{
  "name": "pizza",
  "version": "1.4.1-beta.1",
  "lockfileVersion": 3,
  "requires": true,
  "packages": {
    "": {
      "name": "pizza",
      "version": "1.4.1-beta.1",
      "hasInstallScript": true,
      "license": "MIT",
      "bin": {
        "pizza": "bin/runner.js"
      }
    }
  }
}
